%{"bunt": {:hex, :bunt, "0.2.0", "951c6e801e8b1d2cbe58ebbd3e616a869061ddadcc4863d0a2182541acae9a38", [:mix], [], "hexpm", "7af5c7e09fe1d40f76c8e4f9dd2be7cebd83909f31fee7cd0e9eadc567da8353"},
  "credo": {:hex, :credo, "1.5.0", "bf6af2ae803575376d6f6fae5470557706718503b677ef2ef7ba1ea15428ddb6", [:mix], [{:bunt, "~> 0.2.0", [hex: :bunt, repo: "hexpm", optional: false]}, {:file_system, "~> 0.2.8", [hex: :file_system, repo: "hexpm", optional: false]}, {:jason, "~> 1.0", [hex: :jason, repo: "hexpm", optional: false]}], "hexpm", "0bcedaa097dfb4d20d6b4bee05da40b0b07f0a21e2fda60d7ef81797591c7575"},
  "dogma": {:hex, :dogma, "0.1.15", "5bceba9054b2b97a4adcb2ab4948ca9245e5258b883946e82d32f785340fd411", [:mix], [{:poison, ">= 2.0.0", [hex: :poison, repo: "hexpm", optional: false]}], "hexpm", "efe57de0379458d07a9fe4e17696527945c2c591646a50bfcdbc90684e612f2e"},
  "file_system": {:hex, :file_system, "0.2.9", "545b9c9d502e8bfa71a5315fac2a923bd060fd9acb797fe6595f54b0f975fd32", [:mix], [], "hexpm", "3cf87a377fe1d93043adeec4889feacf594957226b4f19d5897096d6f61345d8"},
  "floki": {:hex, :floki, "0.4.1", "e974423d9527ee87768f635ca7f7d6050705621d8844415706e668a61811f0f6", [:mix], [{:mochiweb, "~> 2.12.2", [hex: :mochiweb, repo: "hexpm", optional: false]}], "hexpm", "d024769666bf9ca4a71ae53e0d30cd66f000d152e69664af21190e0eff3fbc9e"},
  "httpotion": {:hex, :httpotion, "2.1.0", "3fe84fbd13d4560c2514da656d022b1191a079178ee4992d245fc3c33c01ee18", [:mix], [], "hexpm", "d34f1e82283b6b953f611dc24571aa2586e72e19d3d6632b8e3dba78cf1e3761"},
  "ibrowse": {:git, "https://github.com/cmullaparthi/ibrowse.git", "ea3305d21f37eced4fac290f64b068e56df7de80", [tag: "v4.1.2"]},
  "jason": {:hex, :jason, "1.2.2", "ba43e3f2709fd1aa1dce90aaabfd039d000469c05c56f0b8e31978e03fa39052", [:mix], [{:decimal, "~> 1.0 or ~> 2.0", [hex: :decimal, repo: "hexpm", optional: true]}], "hexpm", "18a228f5f0058ee183f29f9eae0805c6e59d61c3b006760668d8d18ff0d12179"},
  "mochiweb": {:hex, :mochiweb, "2.12.2", "80804ad342afa3d7f3524040d4eed66ce74b17a555de454ac85b07c479928e46", [:make, :rebar], [], "hexpm", "d3e681d4054b74a96cf2efcd09e94157ab83a5f55ddc4ce69f90b8144673bd7a"},
  "poison": {:hex, :poison, "3.1.0", "d9eb636610e096f86f25d9a46f35a9facac35609a7591b3be3326e99a0484665", [:mix], [], "hexpm", "fec8660eb7733ee4117b85f55799fd3833eb769a6df71ccf8903e8dc5447cfce"},
  "progress_bar": {:hex, :progress_bar, "1.6.1", "4a82aa4f2b04708dca7472febf5e73477f0e09c81fec98fc502c8d5e3d833172", [:mix], [], "hexpm", "5ab5df6a707b97bb30f141845c2c3a5347c9b77bde780d34edfe866a70734d9e"}}
